
Microsoft Visual Studio Solution File, Format Version 11.00
# Visual Studio 2010
Project("{159641D6-6404-4A2A-AE62-294DE0FE8301}") = "Exam", "Exam\Exam.dtproj", "{82D528E4-E94A-4B50-B8A3-CBC4DB511F0B}"
EndProject
Global
	GlobalSection(SolutionConfigurationPlatforms) = preSolution
		Development|Default = Development|Default
	EndGlobalSection
	GlobalSection(ProjectConfigurationPlatforms) = postSolution
		{82D528E4-E94A-4B50-B8A3-CBC4DB511F0B}.Development|Default.ActiveCfg = Development
		{82D528E4-E94A-4B50-B8A3-CBC4DB511F0B}.Development|Default.Build.0 = Development
	EndGlobalSection
	GlobalSection(SolutionProperties) = preSolution
		HideSolutionNode = FALSE
	EndGlobalSection
EndGlobal
