
Microsoft Visual Studio Solution File, Format Version 11.00
# Visual Studio 2010
Project("{159641D6-6404-4A2A-AE62-294DE0FE8301}") = "DW_Project", "DW_Project\DW_Project.dtproj", "{4360ADC1-F56E-42AA-91F3-3C8CF96C3FD6}"
EndProject
Global
	GlobalSection(SolutionConfigurationPlatforms) = preSolution
		Development|Default = Development|Default
	EndGlobalSection
	GlobalSection(ProjectConfigurationPlatforms) = postSolution
		{4360ADC1-F56E-42AA-91F3-3C8CF96C3FD6}.Development|Default.ActiveCfg = Development
		{4360ADC1-F56E-42AA-91F3-3C8CF96C3FD6}.Development|Default.Build.0 = Development
	EndGlobalSection
	GlobalSection(SolutionProperties) = preSolution
		HideSolutionNode = FALSE
	EndGlobalSection
EndGlobal
