
Microsoft Visual Studio Solution File, Format Version 11.00
# Visual Studio 2010
Project("{159641D6-6404-4A2A-AE62-294DE0FE8301}") = "tp1_Person", "tp1_Person\tp1_Person.dtproj", "{86870923-44C6-4D76-9A58-25A27CBCC8E5}"
EndProject
Global
	GlobalSection(SolutionConfigurationPlatforms) = preSolution
		Development|Default = Development|Default
	EndGlobalSection
	GlobalSection(ProjectConfigurationPlatforms) = postSolution
		{86870923-44C6-4D76-9A58-25A27CBCC8E5}.Development|Default.ActiveCfg = Development
		{86870923-44C6-4D76-9A58-25A27CBCC8E5}.Development|Default.Build.0 = Development
	EndGlobalSection
	GlobalSection(SolutionProperties) = preSolution
		HideSolutionNode = FALSE
	EndGlobalSection
EndGlobal
